{
  "version": "3",
  "packages": {
    "specifiers": {
      "jsr:@std/assert@^0.220.1": "jsr:@std/assert@0.220.1",
      "jsr:@std/csv@^0.220.1": "jsr:@std/csv@0.220.1",
      "jsr:@std/path@^0.220.1": "jsr:@std/path@0.220.1",
      "npm:commander": "npm:commander@12.0.0"
    },
    "jsr": {
      "@std/assert@0.220.1": {
        "integrity": "88710d54f3afdd7a5761e7805abba1f56cd14e4b212feffeb3e73a9f77482425"
      },
      "@std/csv@0.220.1": {
        "integrity": "84d1c87e6b32600a9db6a6a4779ec3f85ac83f331bea74ea4652b1c4b4e3563f",
        "dependencies": [
          "jsr:@std/assert@^0.220.1"
        ]
      },
      "@std/path@0.220.1": {
        "integrity": "cc63c1b5e5192e2f718dc2f365a3514fffb26cc0380959bab0f8fb5988a52f0c"
      }
    },
    "npm": {
      "commander@12.0.0": {
        "integrity": "sha512-MwVNWlYjDTtOjX5PiD7o5pK0UrFU/OYgcJfjjK4RaHZETNtjJqrZa9Y9ds88+A+f+d5lv+561eZ+yCKoS3gbAA==",
        "dependencies": {}
      }
    }
  },
  "redirects": {
    "https://deno.land/std/uuid/mod.ts": "https://deno.land/std@0.220.1/uuid/mod.ts",
    "https://deno.land/x/denomander/mod.ts": "https://deno.land/x/denomander@0.9.3/mod.ts",
    "https://deno.land/x/exec/mod.ts": "https://deno.land/x/exec@0.0.5/mod.ts",
    "https://deno.land/x/isIP/mod.ts": "https://deno.land/x/isIP@1.0.0/mod.ts"
  },
  "remote": {
    "https://deno.land/std@0.138.0/_util/assert.ts": "e94f2eb37cebd7f199952e242c77654e43333c1ac4c5c700e929ea3aa5489f74",
    "https://deno.land/std@0.138.0/flags/mod.ts": "019df8a63ed24df2d10be22e8983aa9253623e871228a2f8f328ff2d0404f7ef",
    "https://deno.land/std@0.138.0/fmt/colors.ts": "30455035d6d728394781c10755351742dd731e3db6771b1843f9b9e490104d37",
    "https://deno.land/std@0.138.0/testing/_diff.ts": "029a00560b0d534bc0046f1bce4bd36b3b41ada3f2a3178c85686eb2ff5f1413",
    "https://deno.land/std@0.138.0/testing/_format.ts": "0d8dc79eab15b67cdc532826213bbe05bccfd276ca473a50a3fc7bbfb7260642",
    "https://deno.land/std@0.138.0/testing/asserts.ts": "dc7ab67b635063989b4aec8620dbcc6fa7c2465f2d9c856bddf8c0e7b45b4481",
    "https://deno.land/std@0.220.1/assert/assert.ts": "bec068b2fccdd434c138a555b19a2c2393b71dfaada02b7d568a01541e67cdc5",
    "https://deno.land/std@0.220.1/assert/assertion_error.ts": "9f689a101ee586c4ce92f52fa7ddd362e86434ffdf1f848e45987dc7689976b8",
    "https://deno.land/std@0.220.1/bytes/concat.ts": "9cac3b4376afbef98ff03588eb3cf948e0d1eb6c27cfe81a7651ab6dd3adc54a",
    "https://deno.land/std@0.220.1/crypto/_fnv/fnv32.ts": "ba2c5ef976b9f047d7ce2d33dfe18671afc75154bcf20ef89d932b2fe8820535",
    "https://deno.land/std@0.220.1/crypto/_fnv/fnv64.ts": "580cadfe2ff333fe253d15df450f927c8ac7e408b704547be26aab41b5772558",
    "https://deno.land/std@0.220.1/crypto/_fnv/mod.ts": "8dbb60f062a6e77b82f7a62ac11fabfba52c3cd408c21916b130d8f57a880f96",
    "https://deno.land/std@0.220.1/crypto/_fnv/util.ts": "27b36ce3440d0a180af6bf1cfc2c326f68823288540a354dc1d636b781b9b75f",
    "https://deno.land/std@0.220.1/crypto/_wasm/lib/deno_std_wasm_crypto.generated.mjs": "612dd3355e5baff77fbd184701bb7d9c5aa15611c823873ae66d488485a1614f",
    "https://deno.land/std@0.220.1/crypto/_wasm/mod.ts": "c55f91473846827f077dfd7e5fc6e2726dee5003b6a5747610707cdc638a22ba",
    "https://deno.land/std@0.220.1/crypto/crypto.ts": "ac873fc014652718e9a5315265c31c27c9152eec0e99b48fe4e0c9865e4f223f",
    "https://deno.land/std@0.220.1/uuid/_common.ts": "05c787c5735776c4e48e30294878332c39cb7738f50b209df4eb9f2b0facce4d",
    "https://deno.land/std@0.220.1/uuid/constants.ts": "eb6c96871e968adf3355507d7ae79adce71525fd6c1ca55c51d32ace0196d64e",
    "https://deno.land/std@0.220.1/uuid/mod.ts": "cefc8e2f77d9e493739c8dc4ec141b12b855414bf757e778bf9b00f783506b76",
    "https://deno.land/std@0.220.1/uuid/v1.ts": "cc45e7eb1d463d7d38b21a3c6e4de55ff98598ca442309321575fe841b323a54",
    "https://deno.land/std@0.220.1/uuid/v3.ts": "689f2d64a9460a75877a2eed94662d9cb31bedb890d72fce0d161ef47d66cc26",
    "https://deno.land/std@0.220.1/uuid/v4.ts": "1319a2eeff7259adda416ec5f7997ded80d3165ef0787012793fc8621c18c493",
    "https://deno.land/std@0.220.1/uuid/v5.ts": "75f76d9e53583572fe3d4893168530986222d439b1545b56d4493c6d5d1cd81d",
    "https://deno.land/x/denomander@0.9.3/deps.ts": "ee3eaf845a9837e38bfd660fd3521c85b3decc5f264b7c6e474627a46f87e9bf",
    "https://deno.land/x/denomander@0.9.3/mod.ts": "eb4b69cb286079982ac85c30591a2311047441f2bc2c9ad137f738843933965a",
    "https://deno.land/x/denomander@0.9.3/src/Arguments.ts": "597037e58244baa1d9acb216da77913d3a4e9885fafadc76929155a4f0a74298",
    "https://deno.land/x/denomander@0.9.3/src/Command.ts": "f27085b553809674dec027ffd5b8f4470730af8186856850ee9689c48cd0c095",
    "https://deno.land/x/denomander@0.9.3/src/CustomOption.ts": "22316399f71ce584d36e242643113456cf7d93b195b4667a3cf4c1e20c8847ae",
    "https://deno.land/x/denomander@0.9.3/src/Denomander.ts": "597491b5bfbb653ae5e05d0307cfb0c733615e7dbc3322b7da36523dd306ebd6",
    "https://deno.land/x/denomander@0.9.3/src/Executor.ts": "fa3a1132981369a97636af17139a316885e05810806498daf15a8197b0f032eb",
    "https://deno.land/x/denomander@0.9.3/src/Kernel.ts": "7800e95588c341ee46019991453f60e54e850a2d6293dbd81dfca3b212d2db47",
    "https://deno.land/x/denomander@0.9.3/src/Option.ts": "a272450bb3e814ee2ef1776f75c595e50230c3f56fd16c85809c122979dbf492",
    "https://deno.land/x/denomander@0.9.3/src/Validator.ts": "b7f56a2bd773ab52394bf0d7d8b47379331eead2dcd1282062c045bec215a020",
    "https://deno.land/x/denomander@0.9.3/src/printer/Printer.ts": "ff4b25a2c734322ea60ce43a7c66f39e28bb0b32ca105bcdf78e5741d0ecab60",
    "https://deno.land/x/denomander@0.9.3/src/printer/colors.ts": "ba785bf6a5975200e29fd120e34a78cf192b43fd25deed3b2516c05f833fc941",
    "https://deno.land/x/denomander@0.9.3/src/types/interfaces.ts": "1a64640a774f6a6a0c4f23aa3886b5e19acd07da7b72fa5365e3cd208457c704",
    "https://deno.land/x/denomander@0.9.3/src/types/types.ts": "8c575c785e522269e454f6130aea764d829d581566b06fc1fc87e3fce3779856",
    "https://deno.land/x/denomander@0.9.3/src/utils/detect.ts": "e20b93554e8d87126a0a813c247a53b8781c6a65bbd1ca0cd6526567e84f878a",
    "https://deno.land/x/denomander@0.9.3/src/utils/find.ts": "0a74d7a081a0c97ded180e5ce728bd1b156e7aaf67116713ddc4abe545e44ded",
    "https://deno.land/x/denomander@0.9.3/src/utils/print.ts": "6d6a6d86f14ced800bb1c49eed2d2ea20f5f33a922aba60659e221b4a7e942ff",
    "https://deno.land/x/denomander@0.9.3/src/utils/remove.ts": "e80f1d257f76cbcafafc855debe7274c59db319639b51aca63a63003e8cf1118",
    "https://deno.land/x/denomander@0.9.3/src/utils/set.ts": "a89fe0f27575cecd5f5fdaa6907f13a387a03c83b3ef66fd317d114f4dc0fe3e",
    "https://deno.land/x/denomander@0.9.3/src/utils/utils.ts": "fc29c3b267065685c45d24b3e597e67bee94b2b9d68b5739625051358fef541e",
    "https://deno.land/x/exec@0.0.5/mod.ts": "2a71f7e23e25be883275b22d872bbd2c3dfa3058934f1f156c8663fb81f5894f",
    "https://deno.land/x/isIP@1.0.0/mod.ts": "bd55c2180f7275930d9b1ef0b8f031108625ae3f9b87a1fa75cc8ee15d485ff8"
  },
  "workspace": {
    "dependencies": [
      "jsr:@std/csv@^0.220.1",
      "jsr:@std/path@^0.220.1"
    ]
  }
}
